
Microsoft Visual Studio Solution File, Format Version 12.00
# Visual Studio Version 17
VisualStudioVersion = 17.0.31903.59
MinimumVisualStudioVersion = 10.0.40219.1
Project("{2150E333-8FDC-42A3-9474-1A3956D46DE8}") = "Artikelsystem.API", "Artikelsystem.API", "{35FF87EF-42A8-CBA4-6F38-37D7ABE44721}"
EndProject
Project("{FAE04EC0-301F-11D3-BF4B-00C04F79EFBC}") = "Artikelsystem.Api", "Artikelsystem.API\Artikelsystem.Api.csproj", "{F1DEB153-8236-4177-89C4-B9B644799B61}"
EndProject
Project("{2150E333-8FDC-42A3-9474-1A3956D46DE8}") = "Artikelsystem.API.Tests", "Artikelsystem.API.Tests", "{312A6954-01E0-BD11-F79D-59C48795AA9F}"
EndProject
Project("{FAE04EC0-301F-11D3-BF4B-00C04F79EFBC}") = "Artikelsystem.Api.Tests", "Artikelsystem.API.Tests\Artikelsystem.Api.Tests.csproj", "{BFF4C001-2220-438B-B7CF-9D78D4BA60CF}"
EndProject
Global
	GlobalSection(SolutionConfigurationPlatforms) = preSolution
		Debug|Any CPU = Debug|Any CPU
		Debug|x64 = Debug|x64
		Debug|x86 = Debug|x86
		Release|Any CPU = Release|Any CPU
		Release|x64 = Release|x64
		Release|x86 = Release|x86
	EndGlobalSection
	GlobalSection(ProjectConfigurationPlatforms) = postSolution
		{F1DEB153-8236-4177-89C4-B9B644799B61}.Debug|Any CPU.ActiveCfg = Debug|Any CPU
		{F1DEB153-8236-4177-89C4-B9B644799B61}.Debug|Any CPU.Build.0 = Debug|Any CPU
		{F1DEB153-8236-4177-89C4-B9B644799B61}.Debug|x64.ActiveCfg = Debug|Any CPU
		{F1DEB153-8236-4177-89C4-B9B644799B61}.Debug|x64.Build.0 = Debug|Any CPU
		{F1DEB153-8236-4177-89C4-B9B644799B61}.Debug|x86.ActiveCfg = Debug|Any CPU
		{F1DEB153-8236-4177-89C4-B9B644799B61}.Debug|x86.Build.0 = Debug|Any CPU
		{F1DEB153-8236-4177-89C4-B9B644799B61}.Release|Any CPU.ActiveCfg = Release|Any CPU
		{F1DEB153-8236-4177-89C4-B9B644799B61}.Release|Any CPU.Build.0 = Release|Any CPU
		{F1DEB153-8236-4177-89C4-B9B644799B61}.Release|x64.ActiveCfg = Release|Any CPU
		{F1DEB153-8236-4177-89C4-B9B644799B61}.Release|x64.Build.0 = Release|Any CPU
		{F1DEB153-8236-4177-89C4-B9B644799B61}.Release|x86.ActiveCfg = Release|Any CPU
		{F1DEB153-8236-4177-89C4-B9B644799B61}.Release|x86.Build.0 = Release|Any CPU
		{BFF4C001-2220-438B-B7CF-9D78D4BA60CF}.Debug|Any CPU.ActiveCfg = Debug|Any CPU
		{BFF4C001-2220-438B-B7CF-9D78D4BA60CF}.Debug|Any CPU.Build.0 = Debug|Any CPU
		{BFF4C001-2220-438B-B7CF-9D78D4BA60CF}.Debug|x64.ActiveCfg = Debug|Any CPU
		{BFF4C001-2220-438B-B7CF-9D78D4BA60CF}.Debug|x64.Build.0 = Debug|Any CPU
		{BFF4C001-2220-438B-B7CF-9D78D4BA60CF}.Debug|x86.ActiveCfg = Debug|Any CPU
		{BFF4C001-2220-438B-B7CF-9D78D4BA60CF}.Debug|x86.Build.0 = Debug|Any CPU
		{BFF4C001-2220-438B-B7CF-9D78D4BA60CF}.Release|Any CPU.ActiveCfg = Release|Any CPU
		{BFF4C001-2220-438B-B7CF-9D78D4BA60CF}.Release|Any CPU.Build.0 = Release|Any CPU
		{BFF4C001-2220-438B-B7CF-9D78D4BA60CF}.Release|x64.ActiveCfg = Release|Any CPU
		{BFF4C001-2220-438B-B7CF-9D78D4BA60CF}.Release|x64.Build.0 = Release|Any CPU
		{BFF4C001-2220-438B-B7CF-9D78D4BA60CF}.Release|x86.ActiveCfg = Release|Any CPU
		{BFF4C001-2220-438B-B7CF-9D78D4BA60CF}.Release|x86.Build.0 = Release|Any CPU
	EndGlobalSection
	GlobalSection(SolutionProperties) = preSolution
		HideSolutionNode = FALSE
	EndGlobalSection
	GlobalSection(NestedProjects) = preSolution
		{F1DEB153-8236-4177-89C4-B9B644799B61} = {35FF87EF-42A8-CBA4-6F38-37D7ABE44721}
		{BFF4C001-2220-438B-B7CF-9D78D4BA60CF} = {312A6954-01E0-BD11-F79D-59C48795AA9F}
	EndGlobalSection
EndGlobal
