
Microsoft Visual Studio Solution File, Format Version 12.00
# Visual Studio Version 17
VisualStudioVersion = 17.0.31903.59
MinimumVisualStudioVersion = 10.0.40219.1
Project("{2150E333-8FDC-42A3-9474-1A3956D46DE8}") = "Client", "Client", "{2CB42F12-E813-91B3-7D11-3220E40BEF4A}"
EndProject
Project("{FAE04EC0-301F-11D3-BF4B-00C04F79EFBC}") = "Artikelsystem.Client.Avalonia", "Client\Artikelsystem.Client.Avalonia\Artikelsystem.Client.Avalonia.csproj", "{E83F1ACF-9824-40B4-B8E4-2BBF4FFFC3E3}"
EndProject
Project("{FAE04EC0-301F-11D3-BF4B-00C04F79EFBC}") = "Artikelsystem.Client.Api", "Client\Artikelsystem.Client.Api\Artikelsystem.Client.Api.csproj", "{79B53EBE-AE97-4BDF-9C75-BB258750A5B3}"
EndProject
Project("{2150E333-8FDC-42A3-9474-1A3956D46DE8}") = "Server", "Server", "{DAD03CFC-D5FA-AC94-41C7-9ABAB326F09E}"
EndProject
Project("{FAE04EC0-301F-11D3-BF4B-00C04F79EFBC}") = "Artikelsystem.API.Tests", "Artikelsystem.API.Tests\Artikelsystem.API.Tests.csproj", "{4E35922E-2338-40D1-9370-D461B4F8E398}"
EndProject
Project("{FAE04EC0-301F-11D3-BF4B-00C04F79EFBC}") = "Artikelsystem.API", "Artikelsystem.API\Artikelsystem.API.csproj", "{859FB62B-EB96-4D35-B57F-EBD12E26EE8C}"
EndProject
Project("{FAE04EC0-301F-11D3-BF4B-00C04F79EFBC}") = "Artikelsystem.Shared", "Artikelsystem.Shared\Artikelsystem.Shared.csproj", "{70525EEB-E661-4DF4-B4F8-82A8A5919033}"
EndProject
Project("{FAE04EC0-301F-11D3-BF4B-00C04F79EFBC}") = "Artikelsystem.Domain", "Server\Artikelsystem.Domain\Artikelsystem.Domain.csproj", "{32822374-E4B0-43DA-BB48-71BF1D81FE83}"
EndProject
Global
	GlobalSection(SolutionConfigurationPlatforms) = preSolution
		Debug|Any CPU = Debug|Any CPU
		Debug|x64 = Debug|x64
		Debug|x86 = Debug|x86
		Release|Any CPU = Release|Any CPU
		Release|x64 = Release|x64
		Release|x86 = Release|x86
	EndGlobalSection
	GlobalSection(ProjectConfigurationPlatforms) = postSolution
		{E83F1ACF-9824-40B4-B8E4-2BBF4FFFC3E3}.Debug|Any CPU.ActiveCfg = Debug|Any CPU
		{E83F1ACF-9824-40B4-B8E4-2BBF4FFFC3E3}.Debug|Any CPU.Build.0 = Debug|Any CPU
		{E83F1ACF-9824-40B4-B8E4-2BBF4FFFC3E3}.Debug|x64.ActiveCfg = Debug|Any CPU
		{E83F1ACF-9824-40B4-B8E4-2BBF4FFFC3E3}.Debug|x64.Build.0 = Debug|Any CPU
		{E83F1ACF-9824-40B4-B8E4-2BBF4FFFC3E3}.Debug|x86.ActiveCfg = Debug|Any CPU
		{E83F1ACF-9824-40B4-B8E4-2BBF4FFFC3E3}.Debug|x86.Build.0 = Debug|Any CPU
		{E83F1ACF-9824-40B4-B8E4-2BBF4FFFC3E3}.Release|Any CPU.ActiveCfg = Release|Any CPU
		{E83F1ACF-9824-40B4-B8E4-2BBF4FFFC3E3}.Release|Any CPU.Build.0 = Release|Any CPU
		{E83F1ACF-9824-40B4-B8E4-2BBF4FFFC3E3}.Release|x64.ActiveCfg = Release|Any CPU
		{E83F1ACF-9824-40B4-B8E4-2BBF4FFFC3E3}.Release|x64.Build.0 = Release|Any CPU
		{E83F1ACF-9824-40B4-B8E4-2BBF4FFFC3E3}.Release|x86.ActiveCfg = Release|Any CPU
		{E83F1ACF-9824-40B4-B8E4-2BBF4FFFC3E3}.Release|x86.Build.0 = Release|Any CPU
		{79B53EBE-AE97-4BDF-9C75-BB258750A5B3}.Debug|Any CPU.ActiveCfg = Debug|Any CPU
		{79B53EBE-AE97-4BDF-9C75-BB258750A5B3}.Debug|Any CPU.Build.0 = Debug|Any CPU
		{79B53EBE-AE97-4BDF-9C75-BB258750A5B3}.Debug|x64.ActiveCfg = Debug|Any CPU
		{79B53EBE-AE97-4BDF-9C75-BB258750A5B3}.Debug|x64.Build.0 = Debug|Any CPU
		{79B53EBE-AE97-4BDF-9C75-BB258750A5B3}.Debug|x86.ActiveCfg = Debug|Any CPU
		{79B53EBE-AE97-4BDF-9C75-BB258750A5B3}.Debug|x86.Build.0 = Debug|Any CPU
		{79B53EBE-AE97-4BDF-9C75-BB258750A5B3}.Release|Any CPU.ActiveCfg = Release|Any CPU
		{79B53EBE-AE97-4BDF-9C75-BB258750A5B3}.Release|Any CPU.Build.0 = Release|Any CPU
		{79B53EBE-AE97-4BDF-9C75-BB258750A5B3}.Release|x64.ActiveCfg = Release|Any CPU
		{79B53EBE-AE97-4BDF-9C75-BB258750A5B3}.Release|x64.Build.0 = Release|Any CPU
		{79B53EBE-AE97-4BDF-9C75-BB258750A5B3}.Release|x86.ActiveCfg = Release|Any CPU
		{79B53EBE-AE97-4BDF-9C75-BB258750A5B3}.Release|x86.Build.0 = Release|Any CPU
		{4E35922E-2338-40D1-9370-D461B4F8E398}.Debug|Any CPU.ActiveCfg = Debug|Any CPU
		{4E35922E-2338-40D1-9370-D461B4F8E398}.Debug|Any CPU.Build.0 = Debug|Any CPU
		{4E35922E-2338-40D1-9370-D461B4F8E398}.Debug|x64.ActiveCfg = Debug|Any CPU
		{4E35922E-2338-40D1-9370-D461B4F8E398}.Debug|x64.Build.0 = Debug|Any CPU
		{4E35922E-2338-40D1-9370-D461B4F8E398}.Debug|x86.ActiveCfg = Debug|Any CPU
		{4E35922E-2338-40D1-9370-D461B4F8E398}.Debug|x86.Build.0 = Debug|Any CPU
		{4E35922E-2338-40D1-9370-D461B4F8E398}.Release|Any CPU.ActiveCfg = Release|Any CPU
		{4E35922E-2338-40D1-9370-D461B4F8E398}.Release|Any CPU.Build.0 = Release|Any CPU
		{4E35922E-2338-40D1-9370-D461B4F8E398}.Release|x64.ActiveCfg = Release|Any CPU
		{4E35922E-2338-40D1-9370-D461B4F8E398}.Release|x64.Build.0 = Release|Any CPU
		{4E35922E-2338-40D1-9370-D461B4F8E398}.Release|x86.ActiveCfg = Release|Any CPU
		{4E35922E-2338-40D1-9370-D461B4F8E398}.Release|x86.Build.0 = Release|Any CPU
		{859FB62B-EB96-4D35-B57F-EBD12E26EE8C}.Debug|Any CPU.ActiveCfg = Debug|Any CPU
		{859FB62B-EB96-4D35-B57F-EBD12E26EE8C}.Debug|Any CPU.Build.0 = Debug|Any CPU
		{859FB62B-EB96-4D35-B57F-EBD12E26EE8C}.Debug|x64.ActiveCfg = Debug|Any CPU
		{859FB62B-EB96-4D35-B57F-EBD12E26EE8C}.Debug|x64.Build.0 = Debug|Any CPU
		{859FB62B-EB96-4D35-B57F-EBD12E26EE8C}.Debug|x86.ActiveCfg = Debug|Any CPU
		{859FB62B-EB96-4D35-B57F-EBD12E26EE8C}.Debug|x86.Build.0 = Debug|Any CPU
		{859FB62B-EB96-4D35-B57F-EBD12E26EE8C}.Release|Any CPU.ActiveCfg = Release|Any CPU
		{859FB62B-EB96-4D35-B57F-EBD12E26EE8C}.Release|Any CPU.Build.0 = Release|Any CPU
		{859FB62B-EB96-4D35-B57F-EBD12E26EE8C}.Release|x64.ActiveCfg = Release|Any CPU
		{859FB62B-EB96-4D35-B57F-EBD12E26EE8C}.Release|x64.Build.0 = Release|Any CPU
		{859FB62B-EB96-4D35-B57F-EBD12E26EE8C}.Release|x86.ActiveCfg = Release|Any CPU
		{859FB62B-EB96-4D35-B57F-EBD12E26EE8C}.Release|x86.Build.0 = Release|Any CPU
		{70525EEB-E661-4DF4-B4F8-82A8A5919033}.Debug|Any CPU.ActiveCfg = Debug|Any CPU
		{70525EEB-E661-4DF4-B4F8-82A8A5919033}.Debug|Any CPU.Build.0 = Debug|Any CPU
		{70525EEB-E661-4DF4-B4F8-82A8A5919033}.Debug|x64.ActiveCfg = Debug|Any CPU
		{70525EEB-E661-4DF4-B4F8-82A8A5919033}.Debug|x64.Build.0 = Debug|Any CPU
		{70525EEB-E661-4DF4-B4F8-82A8A5919033}.Debug|x86.ActiveCfg = Debug|Any CPU
		{70525EEB-E661-4DF4-B4F8-82A8A5919033}.Debug|x86.Build.0 = Debug|Any CPU
		{70525EEB-E661-4DF4-B4F8-82A8A5919033}.Release|Any CPU.ActiveCfg = Release|Any CPU
		{70525EEB-E661-4DF4-B4F8-82A8A5919033}.Release|Any CPU.Build.0 = Release|Any CPU
		{70525EEB-E661-4DF4-B4F8-82A8A5919033}.Release|x64.ActiveCfg = Release|Any CPU
		{70525EEB-E661-4DF4-B4F8-82A8A5919033}.Release|x64.Build.0 = Release|Any CPU
		{70525EEB-E661-4DF4-B4F8-82A8A5919033}.Release|x86.ActiveCfg = Release|Any CPU
		{70525EEB-E661-4DF4-B4F8-82A8A5919033}.Release|x86.Build.0 = Release|Any CPU
		{32822374-E4B0-43DA-BB48-71BF1D81FE83}.Debug|Any CPU.ActiveCfg = Debug|Any CPU
		{32822374-E4B0-43DA-BB48-71BF1D81FE83}.Debug|Any CPU.Build.0 = Debug|Any CPU
		{32822374-E4B0-43DA-BB48-71BF1D81FE83}.Debug|x64.ActiveCfg = Debug|Any CPU
		{32822374-E4B0-43DA-BB48-71BF1D81FE83}.Debug|x64.Build.0 = Debug|Any CPU
		{32822374-E4B0-43DA-BB48-71BF1D81FE83}.Debug|x86.ActiveCfg = Debug|Any CPU
		{32822374-E4B0-43DA-BB48-71BF1D81FE83}.Debug|x86.Build.0 = Debug|Any CPU
		{32822374-E4B0-43DA-BB48-71BF1D81FE83}.Release|Any CPU.ActiveCfg = Release|Any CPU
		{32822374-E4B0-43DA-BB48-71BF1D81FE83}.Release|Any CPU.Build.0 = Release|Any CPU
		{32822374-E4B0-43DA-BB48-71BF1D81FE83}.Release|x64.ActiveCfg = Release|Any CPU
		{32822374-E4B0-43DA-BB48-71BF1D81FE83}.Release|x64.Build.0 = Release|Any CPU
		{32822374-E4B0-43DA-BB48-71BF1D81FE83}.Release|x86.ActiveCfg = Release|Any CPU
		{32822374-E4B0-43DA-BB48-71BF1D81FE83}.Release|x86.Build.0 = Release|Any CPU
	EndGlobalSection
	GlobalSection(SolutionProperties) = preSolution
		HideSolutionNode = FALSE
	EndGlobalSection
	GlobalSection(NestedProjects) = preSolution
		{E83F1ACF-9824-40B4-B8E4-2BBF4FFFC3E3} = {2CB42F12-E813-91B3-7D11-3220E40BEF4A}
		{79B53EBE-AE97-4BDF-9C75-BB258750A5B3} = {2CB42F12-E813-91B3-7D11-3220E40BEF4A}
		{4E35922E-2338-40D1-9370-D461B4F8E398} = {DAD03CFC-D5FA-AC94-41C7-9ABAB326F09E}
		{859FB62B-EB96-4D35-B57F-EBD12E26EE8C} = {DAD03CFC-D5FA-AC94-41C7-9ABAB326F09E}
		{32822374-E4B0-43DA-BB48-71BF1D81FE83} = {DAD03CFC-D5FA-AC94-41C7-9ABAB326F09E}
	EndGlobalSection
EndGlobal
